
Microsoft Visual Studio Solution File, Format Version 12.00
# Visual Studio Version 17
VisualStudioVersion = 17.4.33213.308
MinimumVisualStudioVersion = 10.0.40219.1
Project("{FAE04EC0-301F-11D3-BF4B-00C04F79EFBC}") = "CarPartsInfoDetails0701", "CarPartsInfoDetails0701\CarPartsInfoDetails0701.csproj", "{F76B2CAD-2B49-409B-B11D-060F60CE5A56}"
EndProject
Global
	GlobalSection(SolutionConfigurationPlatforms) = preSolution
		Debug|Any CPU = Debug|Any CPU
		Release|Any CPU = Release|Any CPU
	EndGlobalSection
	GlobalSection(ProjectConfigurationPlatforms) = postSolution
		{F76B2CAD-2B49-409B-B11D-060F60CE5A56}.Debug|Any CPU.ActiveCfg = Debug|Any CPU
		{F76B2CAD-2B49-409B-B11D-060F60CE5A56}.Debug|Any CPU.Build.0 = Debug|Any CPU
		{F76B2CAD-2B49-409B-B11D-060F60CE5A56}.Release|Any CPU.ActiveCfg = Release|Any CPU
		{F76B2CAD-2B49-409B-B11D-060F60CE5A56}.Release|Any CPU.Build.0 = Release|Any CPU
	EndGlobalSection
	GlobalSection(SolutionProperties) = preSolution
		HideSolutionNode = FALSE
	EndGlobalSection
	GlobalSection(ExtensibilityGlobals) = postSolution
		SolutionGuid = {27650761-8D9E-43E6-BE7D-9DA73263E1E2}
	EndGlobalSection
EndGlobal
