
Microsoft Visual Studio Solution File, Format Version 12.00
# Visual Studio Version 17
VisualStudioVersion = 17.4.33213.308
MinimumVisualStudioVersion = 10.0.40219.1
Project("{FAE04EC0-301F-11D3-BF4B-00C04F79EFBC}") = "R52_Ex_07_Mid", "R52_Ex_07_Mid\R52_Ex_07_Mid.csproj", "{24BEE144-80A3-4A3A-BDEC-348E3DCDE4FD}"
EndProject
Global
	GlobalSection(SolutionConfigurationPlatforms) = preSolution
		Debug|Any CPU = Debug|Any CPU
		Release|Any CPU = Release|Any CPU
	EndGlobalSection
	GlobalSection(ProjectConfigurationPlatforms) = postSolution
		{24BEE144-80A3-4A3A-BDEC-348E3DCDE4FD}.Debug|Any CPU.ActiveCfg = Debug|Any CPU
		{24BEE144-80A3-4A3A-BDEC-348E3DCDE4FD}.Debug|Any CPU.Build.0 = Debug|Any CPU
		{24BEE144-80A3-4A3A-BDEC-348E3DCDE4FD}.Release|Any CPU.ActiveCfg = Release|Any CPU
		{24BEE144-80A3-4A3A-BDEC-348E3DCDE4FD}.Release|Any CPU.Build.0 = Release|Any CPU
	EndGlobalSection
	GlobalSection(SolutionProperties) = preSolution
		HideSolutionNode = FALSE
	EndGlobalSection
	GlobalSection(ExtensibilityGlobals) = postSolution
		SolutionGuid = {9A00CF6A-046A-46F1-8464-CA8FAE0DB429}
	EndGlobalSection
EndGlobal
