
Microsoft Visual Studio Solution File, Format Version 12.00
# Visual Studio Version 17
VisualStudioVersion = 17.4.33213.308
MinimumVisualStudioVersion = 10.0.40219.1
Project("{FAE04EC0-301F-11D3-BF4B-00C04F79EFBC}") = "R52_M7_Class_05_Work_01", "R52_M7_Class_05_Work_01\R52_M7_Class_05_Work_01.csproj", "{67D06CE8-DDF8-4890-9B2E-CBE688229386}"
EndProject
Global
	GlobalSection(SolutionConfigurationPlatforms) = preSolution
		Debug|Any CPU = Debug|Any CPU
		Release|Any CPU = Release|Any CPU
	EndGlobalSection
	GlobalSection(ProjectConfigurationPlatforms) = postSolution
		{67D06CE8-DDF8-4890-9B2E-CBE688229386}.Debug|Any CPU.ActiveCfg = Debug|Any CPU
		{67D06CE8-DDF8-4890-9B2E-CBE688229386}.Debug|Any CPU.Build.0 = Debug|Any CPU
		{67D06CE8-DDF8-4890-9B2E-CBE688229386}.Release|Any CPU.ActiveCfg = Release|Any CPU
		{67D06CE8-DDF8-4890-9B2E-CBE688229386}.Release|Any CPU.Build.0 = Release|Any CPU
	EndGlobalSection
	GlobalSection(SolutionProperties) = preSolution
		HideSolutionNode = FALSE
	EndGlobalSection
	GlobalSection(ExtensibilityGlobals) = postSolution
		SolutionGuid = {0A58B1C4-A4AF-44D6-B553-216DFC4FFFC6}
	EndGlobalSection
EndGlobal
