
Microsoft Visual Studio Solution File, Format Version 12.00
# Visual Studio Version 17
VisualStudioVersion = 17.4.33213.308
MinimumVisualStudioVersion = 10.0.40219.1
Project("{FAE04EC0-301F-11D3-BF4B-00C04F79EFBC}") = "CarInformation", "CarInformation\CarInformation.csproj", "{3DA7CAED-83A2-43B5-835D-523AEC443965}"
EndProject
Global
	GlobalSection(SolutionConfigurationPlatforms) = preSolution
		Debug|Any CPU = Debug|Any CPU
		Release|Any CPU = Release|Any CPU
	EndGlobalSection
	GlobalSection(ProjectConfigurationPlatforms) = postSolution
		{3DA7CAED-83A2-43B5-835D-523AEC443965}.Debug|Any CPU.ActiveCfg = Debug|Any CPU
		{3DA7CAED-83A2-43B5-835D-523AEC443965}.Debug|Any CPU.Build.0 = Debug|Any CPU
		{3DA7CAED-83A2-43B5-835D-523AEC443965}.Release|Any CPU.ActiveCfg = Release|Any CPU
		{3DA7CAED-83A2-43B5-835D-523AEC443965}.Release|Any CPU.Build.0 = Release|Any CPU
	EndGlobalSection
	GlobalSection(SolutionProperties) = preSolution
		HideSolutionNode = FALSE
	EndGlobalSection
	GlobalSection(ExtensibilityGlobals) = postSolution
		SolutionGuid = {EFB8FA34-57EE-422C-8CFA-23097BFD8C69}
	EndGlobalSection
EndGlobal
