
Microsoft Visual Studio Solution File, Format Version 12.00
# Visual Studio Version 17
VisualStudioVersion = 17.4.33213.308
MinimumVisualStudioVersion = 10.0.40219.1
Project("{FAE04EC0-301F-11D3-BF4B-00C04F79EFBC}") = "Ev_07", "Ev_07\Ev_07.csproj", "{0698097A-4D7B-4BBE-93D7-A4200954C48A}"
EndProject
Global
	GlobalSection(SolutionConfigurationPlatforms) = preSolution
		Debug|Any CPU = Debug|Any CPU
		Release|Any CPU = Release|Any CPU
	EndGlobalSection
	GlobalSection(ProjectConfigurationPlatforms) = postSolution
		{0698097A-4D7B-4BBE-93D7-A4200954C48A}.Debug|Any CPU.ActiveCfg = Debug|Any CPU
		{0698097A-4D7B-4BBE-93D7-A4200954C48A}.Debug|Any CPU.Build.0 = Debug|Any CPU
		{0698097A-4D7B-4BBE-93D7-A4200954C48A}.Release|Any CPU.ActiveCfg = Release|Any CPU
		{0698097A-4D7B-4BBE-93D7-A4200954C48A}.Release|Any CPU.Build.0 = Release|Any CPU
	EndGlobalSection
	GlobalSection(SolutionProperties) = preSolution
		HideSolutionNode = FALSE
	EndGlobalSection
	GlobalSection(ExtensibilityGlobals) = postSolution
		SolutionGuid = {F3C52AF2-2AC2-4632-8380-8F30D457A1A9}
	EndGlobalSection
EndGlobal
